
Microsoft Visual Studio Solution File, Format Version 12.00
# Visual Studio Version 17
VisualStudioVersion = 17.2.32616.157
MinimumVisualStudioVersion = 10.0.40219.1
Project("{FAE04EC0-301F-11D3-BF4B-00C04F79EFBC}") = "Academy.Console.MathGame", "Academy.Console.MathGame\Academy.Console.MathGame.csproj", "{36FC16B4-B4B8-4CF9-B93D-80D6EE3CEB61}"
EndProject
Global
	GlobalSection(SolutionConfigurationPlatforms) = preSolution
		Debug|Any CPU = Debug|Any CPU
		Release|Any CPU = Release|Any CPU
	EndGlobalSection
	GlobalSection(ProjectConfigurationPlatforms) = postSolution
		{36FC16B4-B4B8-4CF9-B93D-80D6EE3CEB61}.Debug|Any CPU.ActiveCfg = Debug|Any CPU
		{36FC16B4-B4B8-4CF9-B93D-80D6EE3CEB61}.Debug|Any CPU.Build.0 = Debug|Any CPU
		{36FC16B4-B4B8-4CF9-B93D-80D6EE3CEB61}.Release|Any CPU.ActiveCfg = Release|Any CPU
		{36FC16B4-B4B8-4CF9-B93D-80D6EE3CEB61}.Release|Any CPU.Build.0 = Release|Any CPU
	EndGlobalSection
	GlobalSection(SolutionProperties) = preSolution
		HideSolutionNode = FALSE
	EndGlobalSection
	GlobalSection(ExtensibilityGlobals) = postSolution
		SolutionGuid = {93EEA2EA-AED3-4D08-B5D9-6465B04A9F23}
	EndGlobalSection
EndGlobal
